<?xml version="1.0" encoding="UTF-8"?>
<Scheme
   LastUpgradeVersion = "1510"
   version = "1.7">
   <BuildAction
      parallelizeBuildables = "YES"
      buildImplicitDependencies = "YES">
      <BuildActionEntries>
         <BuildActionEntry
            buildForTesting = "YES"
            buildForRunning = "YES"
            buildForProfiling = "YES"
            buildForArchiving = "YES"
            buildForAnalyzing = "YES">
            <BuildableReference
               BuildableIdentifier = "primary"
               BlueprintIdentifier = "421803EE2B37B8ED007DD80C"
               BuildableName = "Sudoku"
               BlueprintName = "Sudoku"
               ReferencedContainer = "container:Sudoku.xcodeproj">
            </BuildableReference>
         </BuildActionEntry>
      </BuildActionEntries>
   </BuildAction>
   <TestAction
      buildConfiguration = "Debug"
      selectedDebuggerIdentifier = "Xcode.DebuggerFoundation.Debugger.LLDB"
      selectedLauncherIdentifier = "Xcode.DebuggerFoundation.Launcher.LLDB"
      shouldUseLaunchSchemeArgsEnv = "YES"
      shouldAutocreateTestPlan = "YES">
   </TestAction>
   <LaunchAction
      buildConfiguration = "Debug"
      selectedDebuggerIdentifier = "Xcode.DebuggerFoundation.Debugger.LLDB"
      selectedLauncherIdentifier = "Xcode.DebuggerFoundation.Launcher.LLDB"
      launchStyle = "0"
      useCustomWorkingDirectory = "NO"
      ignoresPersistentStateOnLaunch = "NO"
      debugDocumentVersioning = "YES"
      debugServiceExtension = "internal"
      allowLocationSimulation = "YES"
      viewDebuggingEnabled = "No">
      <BuildableProductRunnable
         runnableDebuggingMode = "0">
         <BuildableReference
            BuildableIdentifier = "primary"
            BlueprintIdentifier = "421803EE2B37B8ED007DD80C"
            BuildableName = "Sudoku"
            BlueprintName = "Sudoku"
            ReferencedContainer = "container:Sudoku.xcodeproj">
         </BuildableReference>
      </BuildableProductRunnable>
      <CommandLineArguments>
         <CommandLineArgument
            argument = "test1"
            isEnabled = "YES">
         </CommandLineArgument>
         <CommandLineArgument
            argument = "test2"
            isEnabled = "YES">
         </CommandLineArgument>
         <CommandLineArgument
            argument = "test3"
            isEnabled = "YES">
         </CommandLineArgument>
         <CommandLineArgument
            argument = "test4"
            isEnabled = "YES">
         </CommandLineArgument>
         <CommandLineArgument
            argument = "test5"
            isEnabled = "YES">
         </CommandLineArgument>
         <CommandLineArgument
            argument = "test6"
            isEnabled = "YES">
         </CommandLineArgument>
         <CommandLineArgument
            argument = "test7"
            isEnabled = "YES">
         </CommandLineArgument>
         <CommandLineArgument
            argument = "test8"
            isEnabled = "YES">
         </CommandLineArgument>
         <CommandLineArgument
            argument = "test9"
            isEnabled = "YES">
         </CommandLineArgument>
      </CommandLineArguments>
   </LaunchAction>
   <ProfileAction
      buildConfiguration = "Release"
      shouldUseLaunchSchemeArgsEnv = "YES"
      savedToolIdentifier = ""
      useCustomWorkingDirectory = "NO"
      debugDocumentVersioning = "YES">
      <BuildableProductRunnable
         runnableDebuggingMode = "0">
         <BuildableReference
            BuildableIdentifier = "primary"
            BlueprintIdentifier = "421803EE2B37B8ED007DD80C"
            BuildableName = "Sudoku"
            BlueprintName = "Sudoku"
            ReferencedContainer = "container:Sudoku.xcodeproj">
         </BuildableReference>
      </BuildableProductRunnable>
   </ProfileAction>
   <AnalyzeAction
      buildConfiguration = "Debug">
   </AnalyzeAction>
   <ArchiveAction
      buildConfiguration = "Release"
      revealArchiveInOrganizer = "YES">
   </ArchiveAction>
</Scheme>
